
Microsoft Visual Studio Solution File, Format Version 12.00
# Visual Studio Version 16
VisualStudioVersion = 16.0.810.21
MinimumVisualStudioVersion = 10.0.40219.1
Project("{FAE04EC0-301F-11D3-BF4B-00C04F79EFBC}") = "DemoWebShop", "DemoWebShop.csproj", "{DD1C277E-06D9-49FA-BA31-CFFCD45FFDB6}"
EndProject
Project("{2150E333-8FDC-42A3-9474-1A3956D46DE8}") = "Solution Items", "Solution Items", "{0EB32F3B-EA37-4FC9-A7F2-F812FA095174}"
	ProjectSection(SolutionItems) = preProject
		Purchase_Featurefile.feature = Purchase_Featurefile.feature
	EndProjectSection
EndProject
Global
	GlobalSection(SolutionConfigurationPlatforms) = preSolution
		Debug|Any CPU = Debug|Any CPU
		Release|Any CPU = Release|Any CPU
	EndGlobalSection
	GlobalSection(ProjectConfigurationPlatforms) = postSolution
		{DD1C277E-06D9-49FA-BA31-CFFCD45FFDB6}.Debug|Any CPU.ActiveCfg = Debug|Any CPU
		{DD1C277E-06D9-49FA-BA31-CFFCD45FFDB6}.Debug|Any CPU.Build.0 = Debug|Any CPU
		{DD1C277E-06D9-49FA-BA31-CFFCD45FFDB6}.Release|Any CPU.ActiveCfg = Release|Any CPU
		{DD1C277E-06D9-49FA-BA31-CFFCD45FFDB6}.Release|Any CPU.Build.0 = Release|Any CPU
	EndGlobalSection
	GlobalSection(SolutionProperties) = preSolution
		HideSolutionNode = FALSE
	EndGlobalSection
	GlobalSection(ExtensibilityGlobals) = postSolution
		SolutionGuid = {689A0423-95CB-4386-9942-830D8B809952}
	EndGlobalSection
EndGlobal
